
Microsoft Visual Studio Solution File, Format Version 12.00
# Visual Studio Version 17
VisualStudioVersion = 17.5.33530.505
MinimumVisualStudioVersion = 10.0.40219.1
Project("{FAE04EC0-301F-11D3-BF4B-00C04F79EFBC}") = "KSK.Vendor.Drinks", "KSK.Vendor.Drinks.csproj", "{581676CA-F0C9-4FEE-9DF5-1847E350BCC9}"
EndProject
Project("{FAE04EC0-301F-11D3-BF4B-00C04F79EFBC}") = "KSK.Vendor.Drinks.Domain", "..\KSK.Vendor.Drinks.Domain\KSK.Vendor.Drinks.Domain.csproj", "{86536909-1DCC-464D-9B2C-87B1AEF7DD4F}"
EndProject
Project("{FAE04EC0-301F-11D3-BF4B-00C04F79EFBC}") = "KSK.Vendor.Drinks.Infrastructure", "..\KSK.Vendor.Drinks.Infrastructure\KSK.Vendor.Drinks.Infrastructure.csproj", "{9828235C-A425-4757-B109-14A746DC76EC}"
EndProject
Global
	GlobalSection(SolutionConfigurationPlatforms) = preSolution
		Debug|Any CPU = Debug|Any CPU
		Release|Any CPU = Release|Any CPU
	EndGlobalSection
	GlobalSection(ProjectConfigurationPlatforms) = postSolution
		{581676CA-F0C9-4FEE-9DF5-1847E350BCC9}.Debug|Any CPU.ActiveCfg = Debug|Any CPU
		{581676CA-F0C9-4FEE-9DF5-1847E350BCC9}.Debug|Any CPU.Build.0 = Debug|Any CPU
		{581676CA-F0C9-4FEE-9DF5-1847E350BCC9}.Release|Any CPU.ActiveCfg = Release|Any CPU
		{581676CA-F0C9-4FEE-9DF5-1847E350BCC9}.Release|Any CPU.Build.0 = Release|Any CPU
		{86536909-1DCC-464D-9B2C-87B1AEF7DD4F}.Debug|Any CPU.ActiveCfg = Debug|Any CPU
		{86536909-1DCC-464D-9B2C-87B1AEF7DD4F}.Debug|Any CPU.Build.0 = Debug|Any CPU
		{86536909-1DCC-464D-9B2C-87B1AEF7DD4F}.Release|Any CPU.ActiveCfg = Release|Any CPU
		{86536909-1DCC-464D-9B2C-87B1AEF7DD4F}.Release|Any CPU.Build.0 = Release|Any CPU
		{9828235C-A425-4757-B109-14A746DC76EC}.Debug|Any CPU.ActiveCfg = Debug|Any CPU
		{9828235C-A425-4757-B109-14A746DC76EC}.Debug|Any CPU.Build.0 = Debug|Any CPU
		{9828235C-A425-4757-B109-14A746DC76EC}.Release|Any CPU.ActiveCfg = Release|Any CPU
		{9828235C-A425-4757-B109-14A746DC76EC}.Release|Any CPU.Build.0 = Release|Any CPU
	EndGlobalSection
	GlobalSection(SolutionProperties) = preSolution
		HideSolutionNode = FALSE
	EndGlobalSection
	GlobalSection(ExtensibilityGlobals) = postSolution
		SolutionGuid = {7F6D8BD4-F793-4E4E-AB45-80E4617BAD77}
	EndGlobalSection
EndGlobal
